
Microsoft Visual Studio Solution File, Format Version 12.00
# Visual Studio 14
VisualStudioVersion = 14.0.25420.1
MinimumVisualStudioVersion = 10.0.40219.1
Project("{FAE04EC0-301F-11D3-BF4B-00C04F79EFBC}") = "MVC", "MVC\MVC.csproj", "{E7129B1D-E94E-46BD-8FFE-A8E09742513B}"
EndProject
Project("{FAE04EC0-301F-11D3-BF4B-00C04F79EFBC}") = "Testx", "Testx\Testx.csproj", "{F1285B0F-747B-4B13-AB0C-E2B8C625D081}"
EndProject
Project("{FAE04EC0-301F-11D3-BF4B-00C04F79EFBC}") = "MvcMovie", "MvcMovie\MvcMovie.csproj", "{252A0C40-0D82-4884-A461-7EE166C0070B}"
EndProject
Project("{FAE04EC0-301F-11D3-BF4B-00C04F79EFBC}") = "ContosoUniversity", "ContosoUniversity\ContosoUniversity.csproj", "{EF551A7E-B881-4D99-9930-B03128580E53}"
EndProject
Global
	GlobalSection(SolutionConfigurationPlatforms) = preSolution
		Debug|Any CPU = Debug|Any CPU
		Release|Any CPU = Release|Any CPU
	EndGlobalSection
	GlobalSection(ProjectConfigurationPlatforms) = postSolution
		{E7129B1D-E94E-46BD-8FFE-A8E09742513B}.Debug|Any CPU.ActiveCfg = Debug|Any CPU
		{E7129B1D-E94E-46BD-8FFE-A8E09742513B}.Debug|Any CPU.Build.0 = Debug|Any CPU
		{E7129B1D-E94E-46BD-8FFE-A8E09742513B}.Release|Any CPU.ActiveCfg = Release|Any CPU
		{E7129B1D-E94E-46BD-8FFE-A8E09742513B}.Release|Any CPU.Build.0 = Release|Any CPU
		{F1285B0F-747B-4B13-AB0C-E2B8C625D081}.Debug|Any CPU.ActiveCfg = Debug|Any CPU
		{F1285B0F-747B-4B13-AB0C-E2B8C625D081}.Debug|Any CPU.Build.0 = Debug|Any CPU
		{F1285B0F-747B-4B13-AB0C-E2B8C625D081}.Release|Any CPU.ActiveCfg = Release|Any CPU
		{F1285B0F-747B-4B13-AB0C-E2B8C625D081}.Release|Any CPU.Build.0 = Release|Any CPU
		{252A0C40-0D82-4884-A461-7EE166C0070B}.Debug|Any CPU.ActiveCfg = Debug|Any CPU
		{252A0C40-0D82-4884-A461-7EE166C0070B}.Debug|Any CPU.Build.0 = Debug|Any CPU
		{252A0C40-0D82-4884-A461-7EE166C0070B}.Release|Any CPU.ActiveCfg = Release|Any CPU
		{252A0C40-0D82-4884-A461-7EE166C0070B}.Release|Any CPU.Build.0 = Release|Any CPU
		{EF551A7E-B881-4D99-9930-B03128580E53}.Debug|Any CPU.ActiveCfg = Debug|Any CPU
		{EF551A7E-B881-4D99-9930-B03128580E53}.Debug|Any CPU.Build.0 = Debug|Any CPU
		{EF551A7E-B881-4D99-9930-B03128580E53}.Release|Any CPU.ActiveCfg = Release|Any CPU
		{EF551A7E-B881-4D99-9930-B03128580E53}.Release|Any CPU.Build.0 = Release|Any CPU
	EndGlobalSection
	GlobalSection(SolutionProperties) = preSolution
		HideSolutionNode = FALSE
	EndGlobalSection
EndGlobal
